# This file is automatically @generated by Cargo.
# It is not intended for manual editing.
version = 4

[[package]]
name = "adapters"
version = "0.1.0"
dependencies = [
 "core_domain",
]

[[package]]
name = "app_commands"
version = "0.1.0"
dependencies = [
 "adapters",
 "core_domain",
 "core_focus",
 "core_jobs",
 "core_metrics",
 "core_planning",
 "core_skills",
 "core_storage",
 "core_vault",
]

[[package]]
name = "core_domain"
version = "0.1.0"

[[package]]
name = "core_focus"
version = "0.1.0"
dependencies = [
 "core_domain",
]

[[package]]
name = "core_jobs"
version = "0.1.0"
dependencies = [
 "core_domain",
]

[[package]]
name = "core_llm"
version = "0.1.0"

[[package]]
name = "core_metrics"
version = "0.1.0"
dependencies = [
 "core_domain",
]

[[package]]
name = "core_planning"
version = "0.1.0"
dependencies = [
 "core_domain",
]

[[package]]
name = "core_skills"
version = "0.1.0"
dependencies = [
 "core_domain",
]

[[package]]
name = "core_storage"
version = "0.1.0"
dependencies = [
 "core_domain",
]

[[package]]
name = "core_vault"
version = "0.1.0"
